Microsoft Visual Studio Solution File, Format Version 12.00
# Visual Studio Version 17
VisualStudioVersion = 17.0.31903.59
MinimumVisualStudioVersion = 10.0.40219.1
Project("{FAE04EC0-301F-11D3-BF4B-00C04F79EFBC}") = "BatchAcCore.Core", "BatchAcCore.Core\BatchAcCore.Core.csproj", "{11F5F91A-9B45-46E7-AEDB-2B22CC2B42A0}"
EndProject
Project("{FAE04EC0-301F-11D3-BF4B-00C04F79EFBC}") = "BatchAcCoreConsole", "BatchAcCoreConsole.csproj", "{E8D797AF-FEF7-467C-9C88-5B205F6DD85C}"
EndProject
Project("{FAE04EC0-301F-11D3-BF4B-00C04F79EFBC}") = "BatchAcCore.Gui", "BatchAcCore.Gui\BatchAcCore.Gui.csproj", "{7FCDCBAE-C9ED-4232-B86A-2107772BD626}"
EndProject
Project("{FAE04EC0-301F-11D3-BF4B-00C04F79EFBC}") = "BatchAcCore.Tests", "BatchAcCore.Tests\BatchAcCore.Tests.csproj", "{98A57259-4F77-4C79-8320-2938262CFA0B}"
EndProject
Global
	GlobalSection(SolutionConfigurationPlatforms) = preSolution
		Debug|Any CPU = Debug|Any CPU
		Release|Any CPU = Release|Any CPU
	EndGlobalSection
	GlobalSection(ProjectConfigurationPlatforms) = postSolution
		{11F5F91A-9B45-46E7-AEDB-2B22CC2B42A0}.Debug|Any CPU.ActiveCfg = Debug|Any CPU
		{11F5F91A-9B45-46E7-AEDB-2B22CC2B42A0}.Debug|Any CPU.Build.0 = Debug|Any CPU
		{11F5F91A-9B45-46E7-AEDB-2B22CC2B42A0}.Release|Any CPU.ActiveCfg = Release|Any CPU
		{11F5F91A-9B45-46E7-AEDB-2B22CC2B42A0}.Release|Any CPU.Build.0 = Release|Any CPU
		{E8D797AF-FEF7-467C-9C88-5B205F6DD85C}.Debug|Any CPU.ActiveCfg = Debug|Any CPU
		{E8D797AF-FEF7-467C-9C88-5B205F6DD85C}.Debug|Any CPU.Build.0 = Debug|Any CPU
		{E8D797AF-FEF7-467C-9C88-5B205F6DD85C}.Release|Any CPU.ActiveCfg = Release|Any CPU
		{E8D797AF-FEF7-467C-9C88-5B205F6DD85C}.Release|Any CPU.Build.0 = Release|Any CPU
		{7FCDCBAE-C9ED-4232-B86A-2107772BD626}.Debug|Any CPU.ActiveCfg = Debug|Any CPU
		{7FCDCBAE-C9ED-4232-B86A-2107772BD626}.Debug|Any CPU.Build.0 = Debug|Any CPU
		{7FCDCBAE-C9ED-4232-B86A-2107772BD626}.Release|Any CPU.ActiveCfg = Release|Any CPU
		{7FCDCBAE-C9ED-4232-B86A-2107772BD626}.Release|Any CPU.Build.0 = Release|Any CPU
		{98A57259-4F77-4C79-8320-2938262CFA0B}.Debug|Any CPU.ActiveCfg = Debug|Any CPU
		{98A57259-4F77-4C79-8320-2938262CFA0B}.Debug|Any CPU.Build.0 = Debug|Any CPU
		{98A57259-4F77-4C79-8320-2938262CFA0B}.Release|Any CPU.ActiveCfg = Release|Any CPU
		{98A57259-4F77-4C79-8320-2938262CFA0B}.Release|Any CPU.Build.0 = Release|Any CPU
	EndGlobalSection
EndGlobal
